{
  "name": "u2-app",
  "version": "1.0.0",
  "lockfileVersion": 1,
  "requires": true,
  "dependencies": {
    "bulma": {
      "version": "0.7.4",
      "resolved": "https://registry.npmjs.org/bulma/-/bulma-0.7.4.tgz",
      "integrity": "sha512-krG2rP6eAX1WE0sf6O0SC/FUVSOBX4m1PBC2+GKLpb2pX0qanaDqcv9U2nu75egFrsHkI0zdWYuk/oGwoszVWg=="
    },
    "bulma-utilities": {
      "version": "0.3.6",
      "resolved": "https://registry.npmjs.org/bulma-utilities/-/bulma-utilities-0.3.6.tgz",
      "integrity": "sha512-y08+Mf6uLqBkSN756GoM+/vb+ksXKAvnKrHD5htt83VIG1H9ZJGuAzCwiZR5FgdbL3LvvJ0BM0qGvce26Eef2g=="
    }
  }
}
