{
  "name": "u2-app",
  "version": "1.0.0",
  "lockfileVersion": 1,
  "requires": true,
  "dependencies": {
    "bulma-utilities": {
      "version": "0.3.6",
      "resolved": "https://registry.npmjs.org/bulma-utilities/-/bulma-utilities-0.3.6.tgz",
      "integrity": "sha512-y08+Mf6uLqBkSN756GoM+/vb+ksXKAvnKrHD5htt83VIG1H9ZJGuAzCwiZR5FgdbL3LvvJ0BM0qGvce26Eef2g=="
    }
  }
}
